
Microsoft Visual Studio Solution File, Format Version 12.00
# Visual Studio Version 17
VisualStudioVersion = 17.4.33122.133
MinimumVisualStudioVersion = 10.0.40219.1
Project("{FAE04EC0-301F-11D3-BF4B-00C04F79EFBC}") = "Paktisk eksamen", "Paktisk eksamen\Paktisk eksamen.csproj", "{EAE37A16-D2B0-44A5-AC50-FB7FC90ADF7B}"
EndProject
Project("{FAE04EC0-301F-11D3-BF4B-00C04F79EFBC}") = "DBLayer", "DBLayer\DBLayer.csproj", "{4096B997-717C-4DCC-AFFD-8D06BC919FBC}"
EndProject
Project("{FAE04EC0-301F-11D3-BF4B-00C04F79EFBC}") = "BLayer", "BLayer\BLayer.csproj", "{86768D82-4218-479E-BD59-61335EAF0A50}"
EndProject
Project("{FAE04EC0-301F-11D3-BF4B-00C04F79EFBC}") = "BObject", "BObject\BObject.csproj", "{DB1AC75B-3765-40C6-81E9-D26B16C14B5D}"
EndProject
Global
	GlobalSection(SolutionConfigurationPlatforms) = preSolution
		Debug|Any CPU = Debug|Any CPU
		Release|Any CPU = Release|Any CPU
	EndGlobalSection
	GlobalSection(ProjectConfigurationPlatforms) = postSolution
		{EAE37A16-D2B0-44A5-AC50-FB7FC90ADF7B}.Debug|Any CPU.ActiveCfg = Debug|Any CPU
		{EAE37A16-D2B0-44A5-AC50-FB7FC90ADF7B}.Debug|Any CPU.Build.0 = Debug|Any CPU
		{EAE37A16-D2B0-44A5-AC50-FB7FC90ADF7B}.Release|Any CPU.ActiveCfg = Release|Any CPU
		{EAE37A16-D2B0-44A5-AC50-FB7FC90ADF7B}.Release|Any CPU.Build.0 = Release|Any CPU
		{4096B997-717C-4DCC-AFFD-8D06BC919FBC}.Debug|Any CPU.ActiveCfg = Debug|Any CPU
		{4096B997-717C-4DCC-AFFD-8D06BC919FBC}.Debug|Any CPU.Build.0 = Debug|Any CPU
		{4096B997-717C-4DCC-AFFD-8D06BC919FBC}.Release|Any CPU.ActiveCfg = Release|Any CPU
		{4096B997-717C-4DCC-AFFD-8D06BC919FBC}.Release|Any CPU.Build.0 = Release|Any CPU
		{86768D82-4218-479E-BD59-61335EAF0A50}.Debug|Any CPU.ActiveCfg = Debug|Any CPU
		{86768D82-4218-479E-BD59-61335EAF0A50}.Debug|Any CPU.Build.0 = Debug|Any CPU
		{86768D82-4218-479E-BD59-61335EAF0A50}.Release|Any CPU.ActiveCfg = Release|Any CPU
		{86768D82-4218-479E-BD59-61335EAF0A50}.Release|Any CPU.Build.0 = Release|Any CPU
		{DB1AC75B-3765-40C6-81E9-D26B16C14B5D}.Debug|Any CPU.ActiveCfg = Debug|Any CPU
		{DB1AC75B-3765-40C6-81E9-D26B16C14B5D}.Debug|Any CPU.Build.0 = Debug|Any CPU
		{DB1AC75B-3765-40C6-81E9-D26B16C14B5D}.Release|Any CPU.ActiveCfg = Release|Any CPU
		{DB1AC75B-3765-40C6-81E9-D26B16C14B5D}.Release|Any CPU.Build.0 = Release|Any CPU
	EndGlobalSection
	GlobalSection(SolutionProperties) = preSolution
		HideSolutionNode = FALSE
	EndGlobalSection
	GlobalSection(ExtensibilityGlobals) = postSolution
		SolutionGuid = {C86C2FD3-E29F-4BB3-83C6-C17827F23AD3}
	EndGlobalSection
EndGlobal
